{
    "name": "btc-markets",
    "version": "1.0.0",
    "lockfileVersion": 1,
    "requires": true,
    "dependencies": {
        "@types/cheerio": {
            "version": "0.22.7",
            "resolved": "https://registry.npmjs.org/@types/cheerio/-/cheerio-0.22.7.tgz",
            "integrity": "sha512-+T9qBbqe/jXtTjzVddArZExahoPPmt8eq3O1ZuCKZXjBVxf/ciUYNXrIDZJEVgYvpELnv6VlPRCfLzufRxpAag==",
            "dev": true
        },
        "@types/form-data": {
            "version": "2.2.1",
            "resolved": "https://registry.npmjs.org/@types/form-data/-/form-data-2.2.1.tgz",
            "integrity": "sha512-JAMFhOaHIciYVh8fb5/83nmuO/AHwmto+Hq7a9y8FzLDcC1KCU344XDOMEmahnrTFlHjgh4L0WJFczNIX2GxnQ==",
            "dev": true,
            "requires": {
                "@types/node": "6.0.96"
            }
        },
        "@types/node": {
            "version": "6.0.96",
            "resolved": "https://registry.npmjs.org/@types/node/-/node-6.0.96.tgz",
            "integrity": "sha512-fsOOY6tMQ3jCB2wD51XFDmmpgm4wVKkJECdcVRqapbJEa7awJDcr+SaH8toz+4r4KW8YQ3M7ybXMoSDo1QGewA==",
            "dev": true
        },
        "@types/request": {
            "version": "0.0.44",
            "resolved": "https://registry.npmjs.org/@types/request/-/request-0.0.44.tgz",
            "integrity": "sha512-Grl9V1ahSDWuqjORgjeVMddMjHs7TfbesghMRHXn/SKx5HI3/KpFJrDkuT4cA4oJnJqDQ5M2G7pZM0O3+7xdRQ==",
            "dev": true,
            "requires": {
                "@types/form-data": "2.2.1",
                "@types/node": "6.0.96"
            }
        },
        "@types/verror": {
            "version": "1.10.3",
            "resolved": "https://registry.npmjs.org/@types/verror/-/verror-1.10.3.tgz",
            "integrity": "sha512-7Jz0MPsW2pWg5dJfEp9nJYI0RDCYfgjg2wIo5HfQ8vOJvUq0/BxT7Mv2wNQvkKBmV9uT++6KF3reMnLmh/0HrA==",
            "dev": true
        },
        "ajv": {
            "version": "https://registry.npmjs.org/ajv/-/ajv-5.2.3.tgz",
            "integrity": "sha1-wG9Zh3jETGsWGrr+NGa4GtGBTtI=",
            "requires": {
                "co": "https://registry.npmjs.org/co/-/co-4.6.0.tgz",
                "fast-deep-equal": "https://registry.npmjs.org/fast-deep-equal/-/fast-deep-equal-1.0.0.tgz",
                "json-schema-traverse": "https://registry.npmjs.org/json-schema-traverse/-/json-schema-traverse-0.3.1.tgz",
                "json-stable-stringify": "https://registry.npmjs.org/json-stable-stringify/-/json-stable-stringify-1.0.1.tgz"
            }
        },
        "asn1": {
            "version": "https://registry.npmjs.org/asn1/-/asn1-0.2.3.tgz",
            "integrity": "sha1-2sh4dxPJlmhJ/IGAd36+nB3fO4Y="
        },
        "assert-plus": {
            "version": "https://registry.npmjs.org/assert-plus/-/assert-plus-1.0.0.tgz",
            "integrity": "sha1-8S4PPF13sLHN2RRpQuTpbB5N1SU="
        },
        "asynckit": {
            "version": "https://registry.npmjs.org/asynckit/-/asynckit-0.4.0.tgz",
            "integrity": "sha1-x57Zf380y48robyXkLzDZkdLS3k="
        },
        "aws-sign2": {
            "version": "https://registry.npmjs.org/aws-sign2/-/aws-sign2-0.7.0.tgz",
            "integrity": "sha1-tG6JCTSpWR8tL2+G1+ap8bP+dqg="
        },
        "aws4": {
            "version": "https://registry.npmjs.org/aws4/-/aws4-1.6.0.tgz",
            "integrity": "sha1-g+9cqGCysy5KDe7e6MdxudtXRx4="
        },
        "bcrypt-pbkdf": {
            "version": "https://registry.npmjs.org/bcrypt-pbkdf/-/bcrypt-pbkdf-1.0.1.tgz",
            "integrity": "sha1-Y7xdy2EzG5K8Bf1SiVPDNGKgb40=",
            "optional": true,
            "requires": {
                "tweetnacl": "https://registry.npmjs.org/tweetnacl/-/tweetnacl-0.14.5.tgz"
            }
        },
        "boolbase": {
            "version": "1.0.0",
            "resolved": "https://registry.npmjs.org/boolbase/-/boolbase-1.0.0.tgz",
            "integrity": "sha1-aN/1++YMUes3cl6p4+0xDcwed24="
        },
        "boom": {
            "version": "https://registry.npmjs.org/boom/-/boom-4.3.1.tgz",
            "integrity": "sha1-T4owBctKfjiJ90kDD9JbluAdLjE=",
            "requires": {
                "hoek": "https://registry.npmjs.org/hoek/-/hoek-4.2.0.tgz"
            }
        },
        "caseless": {
            "version": "https://registry.npmjs.org/caseless/-/caseless-0.12.0.tgz",
            "integrity": "sha1-G2gcIf+EAzyCZUMJBolCDRhxUdw="
        },
        "cheerio": {
            "version": "0.22.0",
            "resolved": "https://registry.npmjs.org/cheerio/-/cheerio-0.22.0.tgz",
            "integrity": "sha1-qbqoYKP5tZWmuBsahocxIe06Jp4=",
            "requires": {
                "css-select": "1.2.0",
                "dom-serializer": "0.1.0",
                "entities": "1.1.1",
                "htmlparser2": "3.9.2",
                "lodash.assignin": "4.2.0",
                "lodash.bind": "4.2.1",
                "lodash.defaults": "4.2.0",
                "lodash.filter": "4.6.0",
                "lodash.flatten": "4.4.0",
                "lodash.foreach": "4.5.0",
                "lodash.map": "4.6.0",
                "lodash.merge": "4.6.0",
                "lodash.pick": "4.4.0",
                "lodash.reduce": "4.6.0",
                "lodash.reject": "4.6.0",
                "lodash.some": "4.6.0"
            }
        },
        "co": {
            "version": "https://registry.npmjs.org/co/-/co-4.6.0.tgz",
            "integrity": "sha1-bqa989hTrlTMuOR7+gvz+QMfsYQ="
        },
        "combined-stream": {
            "version": "https://registry.npmjs.org/combined-stream/-/combined-stream-1.0.5.tgz",
            "integrity": "sha1-k4NwpXtKUd6ix3wV1cX9+JUWQAk=",
            "requires": {
                "delayed-stream": "https://registry.npmjs.org/delayed-stream/-/delayed-stream-1.0.0.tgz"
            }
        },
        "core-util-is": {
            "version": "https://registry.npmjs.org/core-util-is/-/core-util-is-1.0.2.tgz",
            "integrity": "sha1-tf1UIgqivFq1eqtxQMlAdUUDwac="
        },
        "cryptiles": {
            "version": "https://registry.npmjs.org/cryptiles/-/cryptiles-3.1.2.tgz",
            "integrity": "sha1-qJ+7Ig9c4l7FboxKqKT9e1sNKf4=",
            "requires": {
                "boom": "https://registry.npmjs.org/boom/-/boom-5.2.0.tgz"
            },
            "dependencies": {
                "boom": {
                    "version": "https://registry.npmjs.org/boom/-/boom-5.2.0.tgz",
                    "integrity": "sha1-XdnabuOl8wIHdDYpDLcX0/SlTgI=",
                    "requires": {
                        "hoek": "https://registry.npmjs.org/hoek/-/hoek-4.2.0.tgz"
                    }
                }
            }
        },
        "css-select": {
            "version": "1.2.0",
            "resolved": "https://registry.npmjs.org/css-select/-/css-select-1.2.0.tgz",
            "integrity": "sha1-KzoRBTnFNV8c2NMUYj6HCxIeyFg=",
            "requires": {
                "boolbase": "1.0.0",
                "css-what": "2.1.0",
                "domutils": "1.5.1",
                "nth-check": "1.0.1"
            }
        },
        "css-what": {
            "version": "2.1.0",
            "resolved": "https://registry.npmjs.org/css-what/-/css-what-2.1.0.tgz",
            "integrity": "sha1-lGfQMsOM+u+58teVASUwYvh/ob0="
        },
        "dashdash": {
            "version": "https://registry.npmjs.org/dashdash/-/dashdash-1.14.1.tgz",
            "integrity": "sha1-hTz6D3y+L+1d4gMmuN1YEDX24vA=",
            "requires": {
                "assert-plus": "https://registry.npmjs.org/assert-plus/-/assert-plus-1.0.0.tgz"
            }
        },
        "delayed-stream": {
            "version": "https://registry.npmjs.org/delayed-stream/-/delayed-stream-1.0.0.tgz",
            "integrity": "sha1-3zrhmayt+31ECqrgsp4icrJOxhk="
        },
        "dom-serializer": {
            "version": "0.1.0",
            "resolved": "https://registry.npmjs.org/dom-serializer/-/dom-serializer-0.1.0.tgz",
            "integrity": "sha1-BzxpdUbOB4DOI75KKOKT5AvDDII=",
            "requires": {
                "domelementtype": "1.1.3",
                "entities": "1.1.1"
            },
            "dependencies": {
                "domelementtype": {
                    "version": "1.1.3",
                    "resolved": "https://registry.npmjs.org/domelementtype/-/domelementtype-1.1.3.tgz",
                    "integrity": "sha1-vSh3PiZCiBrsUVRJJCmcXNgiGFs="
                }
            }
        },
        "domelementtype": {
            "version": "1.3.0",
            "resolved": "https://registry.npmjs.org/domelementtype/-/domelementtype-1.3.0.tgz",
            "integrity": "sha1-sXrtguirWeUt2cGbF1bg/BhyBMI="
        },
        "domhandler": {
            "version": "2.4.1",
            "resolved": "https://registry.npmjs.org/domhandler/-/domhandler-2.4.1.tgz",
            "integrity": "sha1-iS5HAAqZvlW783dP/qBWHYh5wlk=",
            "requires": {
                "domelementtype": "1.3.0"
            }
        },
        "domutils": {
            "version": "1.5.1",
            "resolved": "https://registry.npmjs.org/domutils/-/domutils-1.5.1.tgz",
            "integrity": "sha1-3NhIiib1Y9YQeeSMn3t+Mjc2gs8=",
            "requires": {
                "dom-serializer": "0.1.0",
                "domelementtype": "1.3.0"
            }
        },
        "ecc-jsbn": {
            "version": "https://registry.npmjs.org/ecc-jsbn/-/ecc-jsbn-0.1.1.tgz",
            "integrity": "sha1-D8c6ntXw1Tw4GTOYUj735UN3dQU=",
            "optional": true,
            "requires": {
                "jsbn": "https://registry.npmjs.org/jsbn/-/jsbn-0.1.1.tgz"
            }
        },
        "entities": {
            "version": "1.1.1",
            "resolved": "https://registry.npmjs.org/entities/-/entities-1.1.1.tgz",
            "integrity": "sha1-blwtClYhtdra7O+AuQ7ftc13cvA="
        },
        "extend": {
            "version": "https://registry.npmjs.org/extend/-/extend-3.0.1.tgz",
            "integrity": "sha1-p1Xqe8Gt/MWjHOfnYtuq3F5jZEQ="
        },
        "extsprintf": {
            "version": "1.4.0",
            "resolved": "https://registry.npmjs.org/extsprintf/-/extsprintf-1.4.0.tgz",
            "integrity": "sha1-4mifjzVvrWLMplo6kcXfX5VRaS8="
        },
        "fast-deep-equal": {
            "version": "https://registry.npmjs.org/fast-deep-equal/-/fast-deep-equal-1.0.0.tgz",
            "integrity": "sha1-liVqO8l1WV6zbYLpkp0GDYk0Of8="
        },
        "forever-agent": {
            "version": "https://registry.npmjs.org/forever-agent/-/forever-agent-0.6.1.tgz",
            "integrity": "sha1-+8cfDEGt6zf5bFd60e1C2P2sypE="
        },
        "form-data": {
            "version": "https://registry.npmjs.org/form-data/-/form-data-2.3.1.tgz",
            "integrity": "sha1-b7lPvXGIUwbXPRXMSX/kzE7NRL8=",
            "requires": {
                "asynckit": "https://registry.npmjs.org/asynckit/-/asynckit-0.4.0.tgz",
                "combined-stream": "https://registry.npmjs.org/combined-stream/-/combined-stream-1.0.5.tgz",
                "mime-types": "https://registry.npmjs.org/mime-types/-/mime-types-2.1.17.tgz"
            }
        },
        "getpass": {
            "version": "https://registry.npmjs.org/getpass/-/getpass-0.1.7.tgz",
            "integrity": "sha1-Xv+OPmhNVprkyysSgmBOi6YhSfo=",
            "requires": {
                "assert-plus": "https://registry.npmjs.org/assert-plus/-/assert-plus-1.0.0.tgz"
            }
        },
        "har-schema": {
            "version": "https://registry.npmjs.org/har-schema/-/har-schema-2.0.0.tgz",
            "integrity": "sha1-qUwiJOvKwEeCoNkDVSHyRzW37JI="
        },
        "har-validator": {
            "version": "https://registry.npmjs.org/har-validator/-/har-validator-5.0.3.tgz",
            "integrity": "sha1-ukAsJmGU8VlW7xXg/PJCmT9qff0=",
            "requires": {
                "ajv": "https://registry.npmjs.org/ajv/-/ajv-5.2.3.tgz",
                "har-schema": "https://registry.npmjs.org/har-schema/-/har-schema-2.0.0.tgz"
            }
        },
        "hawk": {
            "version": "https://registry.npmjs.org/hawk/-/hawk-6.0.2.tgz",
            "integrity": "sha1-r02RTrBl+bXOTZ0RwcshJu7MMDg=",
            "requires": {
                "boom": "https://registry.npmjs.org/boom/-/boom-4.3.1.tgz",
                "cryptiles": "https://registry.npmjs.org/cryptiles/-/cryptiles-3.1.2.tgz",
                "hoek": "https://registry.npmjs.org/hoek/-/hoek-4.2.0.tgz",
                "sntp": "https://registry.npmjs.org/sntp/-/sntp-2.0.2.tgz"
            }
        },
        "hoek": {
            "version": "https://registry.npmjs.org/hoek/-/hoek-4.2.0.tgz",
            "integrity": "sha1-ctnQdU9/4lyi0BrY+PmpRJqJUm0="
        },
        "htmlparser2": {
            "version": "3.9.2",
            "resolved": "https://registry.npmjs.org/htmlparser2/-/htmlparser2-3.9.2.tgz",
            "integrity": "sha1-G9+HrMoPP55T+k/M6w9LTLsAszg=",
            "requires": {
                "domelementtype": "1.3.0",
                "domhandler": "2.4.1",
                "domutils": "1.5.1",
                "entities": "1.1.1",
                "inherits": "2.0.3",
                "readable-stream": "2.3.3"
            }
        },
        "http-signature": {
            "version": "https://registry.npmjs.org/http-signature/-/http-signature-1.2.0.tgz",
            "integrity": "sha1-muzZJRFHcvPZW2WmCruPfBj7rOE=",
            "requires": {
                "assert-plus": "https://registry.npmjs.org/assert-plus/-/assert-plus-1.0.0.tgz",
                "jsprim": "https://registry.npmjs.org/jsprim/-/jsprim-1.4.1.tgz",
                "sshpk": "https://registry.npmjs.org/sshpk/-/sshpk-1.13.1.tgz"
            }
        },
        "inherits": {
            "version": "2.0.3",
            "resolved": "https://registry.npmjs.org/inherits/-/inherits-2.0.3.tgz",
            "integrity": "sha1-Yzwsg+PaQqUC9SRmAiSA9CCCYd4="
        },
        "is-typedarray": {
            "version": "https://registry.npmjs.org/is-typedarray/-/is-typedarray-1.0.0.tgz",
            "integrity": "sha1-5HnICFjfDBsR3dppQPlgEfzaSpo="
        },
        "isarray": {
            "version": "1.0.0",
            "resolved": "https://registry.npmjs.org/isarray/-/isarray-1.0.0.tgz",
            "integrity": "sha1-u5NdSFgsuhaMBoNJV6VKPgcSTxE="
        },
        "isstream": {
            "version": "https://registry.npmjs.org/isstream/-/isstream-0.1.2.tgz",
            "integrity": "sha1-R+Y/evVa+m+S4VAOaQ64uFKcCZo="
        },
        "jsbn": {
            "version": "https://registry.npmjs.org/jsbn/-/jsbn-0.1.1.tgz",
            "integrity": "sha1-peZUwuWi3rXyAdls77yoDA7y9RM=",
            "optional": true
        },
        "json-schema": {
            "version": "https://registry.npmjs.org/json-schema/-/json-schema-0.2.3.tgz",
            "integrity": "sha1-tIDIkuWaLwWVTOcnvT8qTogvnhM="
        },
        "json-schema-traverse": {
            "version": "https://registry.npmjs.org/json-schema-traverse/-/json-schema-traverse-0.3.1.tgz",
            "integrity": "sha1-NJptRMU6Ud6JtAgFxdXlm0F9M0A="
        },
        "json-stable-stringify": {
            "version": "https://registry.npmjs.org/json-stable-stringify/-/json-stable-stringify-1.0.1.tgz",
            "integrity": "sha1-mnWdOcXy/1A/1TAGRu1EX4jE+a8=",
            "requires": {
                "jsonify": "https://registry.npmjs.org/jsonify/-/jsonify-0.0.0.tgz"
            }
        },
        "json-stringify-safe": {
            "version": "https://registry.npmjs.org/json-stringify-safe/-/json-stringify-safe-5.0.1.tgz",
            "integrity": "sha1-Epai1Y/UXxmg9s4B1lcB4sc1tus="
        },
        "jsonify": {
            "version": "https://registry.npmjs.org/jsonify/-/jsonify-0.0.0.tgz",
            "integrity": "sha1-LHS27kHZPKUbe1qu6PUDYx0lKnM="
        },
        "jsprim": {
            "version": "https://registry.npmjs.org/jsprim/-/jsprim-1.4.1.tgz",
            "integrity": "sha1-MT5mvB5cwG5Di8G3SZwuXFastqI=",
            "requires": {
                "assert-plus": "https://registry.npmjs.org/assert-plus/-/assert-plus-1.0.0.tgz",
                "extsprintf": "https://registry.npmjs.org/extsprintf/-/extsprintf-1.3.0.tgz",
                "json-schema": "https://registry.npmjs.org/json-schema/-/json-schema-0.2.3.tgz",
                "verror": "https://registry.npmjs.org/verror/-/verror-1.10.0.tgz"
            },
            "dependencies": {
                "extsprintf": {
                    "version": "https://registry.npmjs.org/extsprintf/-/extsprintf-1.3.0.tgz",
                    "integrity": "sha1-lpGEQOMEGnpBT4xS48V06zw+HgU="
                },
                "verror": {
                    "version": "https://registry.npmjs.org/verror/-/verror-1.10.0.tgz",
                    "integrity": "sha1-OhBcoXBTr1XW4nDB+CiGguGNpAA=",
                    "requires": {
                        "assert-plus": "https://registry.npmjs.org/assert-plus/-/assert-plus-1.0.0.tgz",
                        "core-util-is": "https://registry.npmjs.org/core-util-is/-/core-util-is-1.0.2.tgz",
                        "extsprintf": "https://registry.npmjs.org/extsprintf/-/extsprintf-1.3.0.tgz"
                    }
                }
            }
        },
        "lodash.assignin": {
            "version": "4.2.0",
            "resolved": "https://registry.npmjs.org/lodash.assignin/-/lodash.assignin-4.2.0.tgz",
            "integrity": "sha1-uo31+4QesKPoBEIysOJjqNxqKKI="
        },
        "lodash.bind": {
            "version": "4.2.1",
            "resolved": "https://registry.npmjs.org/lodash.bind/-/lodash.bind-4.2.1.tgz",
            "integrity": "sha1-euMBfpOWIqwxt9fX3LGzTbFpDTU="
        },
        "lodash.defaults": {
            "version": "4.2.0",
            "resolved": "https://registry.npmjs.org/lodash.defaults/-/lodash.defaults-4.2.0.tgz",
            "integrity": "sha1-0JF4cW/+pN3p5ft7N/bwgCJ0WAw="
        },
        "lodash.filter": {
            "version": "4.6.0",
            "resolved": "https://registry.npmjs.org/lodash.filter/-/lodash.filter-4.6.0.tgz",
            "integrity": "sha1-ZosdSYFgOuHMWm+nYBQ+SAtMSs4="
        },
        "lodash.flatten": {
            "version": "4.4.0",
            "resolved": "https://registry.npmjs.org/lodash.flatten/-/lodash.flatten-4.4.0.tgz",
            "integrity": "sha1-8xwiIlqWMtK7+OSt2+8kCqdlph8="
        },
        "lodash.foreach": {
            "version": "4.5.0",
            "resolved": "https://registry.npmjs.org/lodash.foreach/-/lodash.foreach-4.5.0.tgz",
            "integrity": "sha1-Gmo16s5AEoDH8G3d7DUWWrJ+PlM="
        },
        "lodash.map": {
            "version": "4.6.0",
            "resolved": "https://registry.npmjs.org/lodash.map/-/lodash.map-4.6.0.tgz",
            "integrity": "sha1-dx7Hg540c9nEzeKLGTlMNWL09tM="
        },
        "lodash.merge": {
            "version": "4.6.0",
            "resolved": "https://registry.npmjs.org/lodash.merge/-/lodash.merge-4.6.0.tgz",
            "integrity": "sha1-aYhLoUSsM/5plzemCG3v+t0PicU="
        },
        "lodash.pick": {
            "version": "4.4.0",
            "resolved": "https://registry.npmjs.org/lodash.pick/-/lodash.pick-4.4.0.tgz",
            "integrity": "sha1-UvBWEP/53tQiYRRB7R/BI6AwAbM="
        },
        "lodash.reduce": {
            "version": "4.6.0",
            "resolved": "https://registry.npmjs.org/lodash.reduce/-/lodash.reduce-4.6.0.tgz",
            "integrity": "sha1-8atrg5KZrUj3hKu/R2WW8DuRTTs="
        },
        "lodash.reject": {
            "version": "4.6.0",
            "resolved": "https://registry.npmjs.org/lodash.reject/-/lodash.reject-4.6.0.tgz",
            "integrity": "sha1-gNZJLcFHCGS79YNTO2UfQqn1JBU="
        },
        "lodash.some": {
            "version": "4.6.0",
            "resolved": "https://registry.npmjs.org/lodash.some/-/lodash.some-4.6.0.tgz",
            "integrity": "sha1-G7nzFO9ri63tE7VJFpsqlF62jk0="
        },
        "mime-db": {
            "version": "https://registry.npmjs.org/mime-db/-/mime-db-1.30.0.tgz",
            "integrity": "sha1-dMZD2i3Z1qRTmZY0ZbJtXKfXHwE="
        },
        "mime-types": {
            "version": "https://registry.npmjs.org/mime-types/-/mime-types-2.1.17.tgz",
            "integrity": "sha1-Cdejk/A+mVp5+K+Fe3Cp4KsWVXo=",
            "requires": {
                "mime-db": "https://registry.npmjs.org/mime-db/-/mime-db-1.30.0.tgz"
            }
        },
        "nth-check": {
            "version": "1.0.1",
            "resolved": "https://registry.npmjs.org/nth-check/-/nth-check-1.0.1.tgz",
            "integrity": "sha1-mSms32KPwsQQmN6rgqxYDPFJquQ=",
            "requires": {
                "boolbase": "1.0.0"
            }
        },
        "oauth-sign": {
            "version": "https://registry.npmjs.org/oauth-sign/-/oauth-sign-0.8.2.tgz",
            "integrity": "sha1-Rqarfwrq2N6unsBWV4C31O/rnUM="
        },
        "performance-now": {
            "version": "https://registry.npmjs.org/performance-now/-/performance-now-2.1.0.tgz",
            "integrity": "sha1-Ywn04OX6kT7BxpMHrjZLSzd8nns="
        },
        "process-nextick-args": {
            "version": "1.0.7",
            "resolved": "https://registry.npmjs.org/process-nextick-args/-/process-nextick-args-1.0.7.tgz",
            "integrity": "sha1-FQ4gt1ZZCtP5EJPyWk8q2L/zC6M="
        },
        "punycode": {
            "version": "https://registry.npmjs.org/punycode/-/punycode-1.4.1.tgz",
            "integrity": "sha1-wNWmOycYgArY4esPpSachN1BhF4="
        },
        "qs": {
            "version": "https://registry.npmjs.org/qs/-/qs-6.5.1.tgz",
            "integrity": "sha1-NJzfbu+J7EXBLX1es/wMhwNDptg="
        },
        "readable-stream": {
            "version": "2.3.3",
            "resolved": "https://registry.npmjs.org/readable-stream/-/readable-stream-2.3.3.tgz",
            "integrity": "sha512-m+qzzcn7KUxEmd1gMbchF+Y2eIUbieUaxkWtptyHywrX0rE8QEYqPC07Vuy4Wm32/xE16NcdBctb8S0Xe/5IeQ==",
            "requires": {
                "core-util-is": "https://registry.npmjs.org/core-util-is/-/core-util-is-1.0.2.tgz",
                "inherits": "2.0.3",
                "isarray": "1.0.0",
                "process-nextick-args": "1.0.7",
                "safe-buffer": "https://registry.npmjs.org/safe-buffer/-/safe-buffer-5.1.1.tgz",
                "string_decoder": "1.0.3",
                "util-deprecate": "1.0.2"
            }
        },
        "request": {
            "version": "https://registry.npmjs.org/request/-/request-2.83.0.tgz",
            "integrity": "sha1-ygtl2gLtYpNYh4COb1EDgQNOM1Y=",
            "requires": {
                "aws-sign2": "https://registry.npmjs.org/aws-sign2/-/aws-sign2-0.7.0.tgz",
                "aws4": "https://registry.npmjs.org/aws4/-/aws4-1.6.0.tgz",
                "caseless": "https://registry.npmjs.org/caseless/-/caseless-0.12.0.tgz",
                "combined-stream": "https://registry.npmjs.org/combined-stream/-/combined-stream-1.0.5.tgz",
                "extend": "https://registry.npmjs.org/extend/-/extend-3.0.1.tgz",
                "forever-agent": "https://registry.npmjs.org/forever-agent/-/forever-agent-0.6.1.tgz",
                "form-data": "https://registry.npmjs.org/form-data/-/form-data-2.3.1.tgz",
                "har-validator": "https://registry.npmjs.org/har-validator/-/har-validator-5.0.3.tgz",
                "hawk": "https://registry.npmjs.org/hawk/-/hawk-6.0.2.tgz",
                "http-signature": "https://registry.npmjs.org/http-signature/-/http-signature-1.2.0.tgz",
                "is-typedarray": "https://registry.npmjs.org/is-typedarray/-/is-typedarray-1.0.0.tgz",
                "isstream": "https://registry.npmjs.org/isstream/-/isstream-0.1.2.tgz",
                "json-stringify-safe": "https://registry.npmjs.org/json-stringify-safe/-/json-stringify-safe-5.0.1.tgz",
                "mime-types": "https://registry.npmjs.org/mime-types/-/mime-types-2.1.17.tgz",
                "oauth-sign": "https://registry.npmjs.org/oauth-sign/-/oauth-sign-0.8.2.tgz",
                "performance-now": "https://registry.npmjs.org/performance-now/-/performance-now-2.1.0.tgz",
                "qs": "https://registry.npmjs.org/qs/-/qs-6.5.1.tgz",
                "safe-buffer": "https://registry.npmjs.org/safe-buffer/-/safe-buffer-5.1.1.tgz",
                "stringstream": "https://registry.npmjs.org/stringstream/-/stringstream-0.0.5.tgz",
                "tough-cookie": "https://registry.npmjs.org/tough-cookie/-/tough-cookie-2.3.3.tgz",
                "tunnel-agent": "https://registry.npmjs.org/tunnel-agent/-/tunnel-agent-0.6.0.tgz",
                "uuid": "https://registry.npmjs.org/uuid/-/uuid-3.1.0.tgz"
            }
        },
        "safe-buffer": {
            "version": "https://registry.npmjs.org/safe-buffer/-/safe-buffer-5.1.1.tgz",
            "integrity": "sha1-iTMSr2myEj3vcfV4iQAWce6yyFM="
        },
        "sntp": {
            "version": "https://registry.npmjs.org/sntp/-/sntp-2.0.2.tgz",
            "integrity": "sha1-UGQRDwr4X3z9t9a2ekACjOUrSys=",
            "requires": {
                "hoek": "https://registry.npmjs.org/hoek/-/hoek-4.2.0.tgz"
            }
        },
        "sshpk": {
            "version": "https://registry.npmjs.org/sshpk/-/sshpk-1.13.1.tgz",
            "integrity": "sha1-US322mKHFEMW3EwY/hzx2UBzm+M=",
            "requires": {
                "asn1": "https://registry.npmjs.org/asn1/-/asn1-0.2.3.tgz",
                "assert-plus": "https://registry.npmjs.org/assert-plus/-/assert-plus-1.0.0.tgz",
                "bcrypt-pbkdf": "https://registry.npmjs.org/bcrypt-pbkdf/-/bcrypt-pbkdf-1.0.1.tgz",
                "dashdash": "https://registry.npmjs.org/dashdash/-/dashdash-1.14.1.tgz",
                "ecc-jsbn": "https://registry.npmjs.org/ecc-jsbn/-/ecc-jsbn-0.1.1.tgz",
                "getpass": "https://registry.npmjs.org/getpass/-/getpass-0.1.7.tgz",
                "jsbn": "https://registry.npmjs.org/jsbn/-/jsbn-0.1.1.tgz",
                "tweetnacl": "https://registry.npmjs.org/tweetnacl/-/tweetnacl-0.14.5.tgz"
            }
        },
        "string_decoder": {
            "version": "1.0.3",
            "resolved": "https://registry.npmjs.org/string_decoder/-/string_decoder-1.0.3.tgz",
            "integrity": "sha512-4AH6Z5fzNNBcH+6XDMfA/BTt87skxqJlO0lAh3Dker5zThcAxG6mKz+iGu308UKoPPQ8Dcqx/4JhujzltRa+hQ==",
            "requires": {
                "safe-buffer": "https://registry.npmjs.org/safe-buffer/-/safe-buffer-5.1.1.tgz"
            }
        },
        "stringstream": {
            "version": "https://registry.npmjs.org/stringstream/-/stringstream-0.0.5.tgz",
            "integrity": "sha1-TkhM1N5aC7vuGORjB3EKioFiGHg="
        },
        "tough-cookie": {
            "version": "https://registry.npmjs.org/tough-cookie/-/tough-cookie-2.3.3.tgz",
            "integrity": "sha1-C2GKVWW23qkL80JdBNVe3EdadWE=",
            "requires": {
                "punycode": "https://registry.npmjs.org/punycode/-/punycode-1.4.1.tgz"
            }
        },
        "tunnel-agent": {
            "version": "https://registry.npmjs.org/tunnel-agent/-/tunnel-agent-0.6.0.tgz",
            "integrity": "sha1-J6XeoGs2sEoKmWZ3SykIaPD8QP0=",
            "requires": {
                "safe-buffer": "https://registry.npmjs.org/safe-buffer/-/safe-buffer-5.1.1.tgz"
            }
        },
        "tweetnacl": {
            "version": "https://registry.npmjs.org/tweetnacl/-/tweetnacl-0.14.5.tgz",
            "integrity": "sha1-WuaBd/GS1EViadEIr6k/+HQ/T2Q=",
            "optional": true
        },
        "typescript": {
            "version": "2.6.2",
            "resolved": "https://registry.npmjs.org/typescript/-/typescript-2.6.2.tgz",
            "integrity": "sha1-PFtv1/beCRQmkCfwPAlGdY92c6Q=",
            "dev": true
        },
        "util-deprecate": {
            "version": "1.0.2",
            "resolved": "https://registry.npmjs.org/util-deprecate/-/util-deprecate-1.0.2.tgz",
            "integrity": "sha1-RQ1Nyfpw3nMnYvvS1KKJgUGaDM8="
        },
        "uuid": {
            "version": "https://registry.npmjs.org/uuid/-/uuid-3.1.0.tgz",
            "integrity": "sha1-PdPT55Crwk17DToDT/q6vijrvAQ="
        },
        "verror": {
            "version": "1.10.0",
            "resolved": "https://registry.npmjs.org/verror/-/verror-1.10.0.tgz",
            "integrity": "sha1-OhBcoXBTr1XW4nDB+CiGguGNpAA=",
            "requires": {
                "assert-plus": "https://registry.npmjs.org/assert-plus/-/assert-plus-1.0.0.tgz",
                "core-util-is": "https://registry.npmjs.org/core-util-is/-/core-util-is-1.0.2.tgz",
                "extsprintf": "1.4.0"
            }
        }
    }
}
